
Microsoft Visual Studio Solution File, Format Version 12.00
# Visual Studio 15
VisualStudioVersion = 15.0.28307.757
MinimumVisualStudioVersion = 10.0.40219.1
Project("{2150E333-8FDC-42A3-9474-1A3956D46DE8}") = "Tests", "Tests", "{6FB82150-E00E-4D73-854E-8FF67E87A914}"
EndProject
Project("{2150E333-8FDC-42A3-9474-1A3956D46DE8}") = "Shared", "Shared", "{9DE7EFCE-F7A5-46AD-88B3-B0951022090E}"
EndProject
Project("{2150E333-8FDC-42A3-9474-1A3956D46DE8}") = "Store", "Store", "{222F8E1A-B5D7-4138-A579-431510B817D4}"
EndProject
Project("{2150E333-8FDC-42A3-9474-1A3956D46DE8}") = "Payments", "Payments", "{59EBF436-851E-4F01-B879-B4CD07A439B0}"
EndProject
Project("{2150E333-8FDC-42A3-9474-1A3956D46DE8}") = "Catalog", "Catalog", "{E304C5B0-A8B9-4C4F-BBB5-AC9EA7CB69DF}"
EndProject
Project("{9A19103F-16F7-4668-BE54-9A1E7A4F7556}") = "Gateway.Payment.Data", "src\Payments\Gateway.Payment.Data\Gateway.Payment.Data.csproj", "{6708A240-BBE1-458E-B4DD-17F10102A9C7}"
EndProject
Project("{9A19103F-16F7-4668-BE54-9A1E7A4F7556}") = "Shared.Code", "src\Shared\Shared.Code\Shared.Code.csproj", "{095EE9AB-D5E6-40C2-83BF-8FE2B0C295A6}"
EndProject
Project("{9A19103F-16F7-4668-BE54-9A1E7A4F7556}") = "Catalog.Queries", "src\Catalog\Catalog.Queries\Catalog.Queries.csproj", "{C840BEAD-52AC-4941-9660-0DF7FF737C3B}"
EndProject
Project("{9A19103F-16F7-4668-BE54-9A1E7A4F7556}") = "Frameworker.Scorponok.AspNet", "src\Frameworker\Frameworker.Scorponok.AspNet\Frameworker.Scorponok.AspNet.csproj", "{C2CCD9FB-AE59-4413-AF03-5AC5C5655C44}"
EndProject
Project("{9A19103F-16F7-4668-BE54-9A1E7A4F7556}") = "Catalog.Infrastructure", "src\Catalog\Catalog.Infrastructure\Catalog.Infrastructure.csproj", "{C4D80751-5C31-4335-8439-C577D8E03670}"
EndProject
Project("{9A19103F-16F7-4668-BE54-9A1E7A4F7556}") = "Catalog.Domain", "src\Catalog\Catalog.Domain\Catalog.Domain.csproj", "{288D44A8-F967-49ED-874B-C297807EB493}"
EndProject
Project("{9A19103F-16F7-4668-BE54-9A1E7A4F7556}") = "Shared.Bus", "src\Shared\Shared.Bus\Shared.Bus.csproj", "{14E0D30D-71ED-4DD2-B2D0-B41456FA70A7}"
EndProject
Project("{9A19103F-16F7-4668-BE54-9A1E7A4F7556}") = "Gateway.Payment.Web.Api", "src\Payments\Gateway.Payment.Web.Api\Gateway.Payment.Web.Api.csproj", "{4D3737A8-9108-4706-B12E-E162CC88A03E}"
EndProject
Project("{9A19103F-16F7-4668-BE54-9A1E7A4F7556}") = "Store.Domain", "src\Store\Store.Domain\Store.Domain.csproj", "{894461AA-AF6D-4616-AEA9-C8708B15D87B}"
EndProject
Project("{9A19103F-16F7-4668-BE54-9A1E7A4F7556}") = "Store.Infrastructure", "src\Store\Store.Infrastructure\Store.Infrastructure.csproj", "{DEE79F60-0DAE-45F8-AA4A-3FD7AAD949AA}"
EndProject
Project("{9A19103F-16F7-4668-BE54-9A1E7A4F7556}") = "Store.Tests", "src\Store\Store.Tests\Store.Tests.csproj", "{7C8DDF2C-B0B1-40ED-9B81-9756D0426109}"
EndProject
Project("{9A19103F-16F7-4668-BE54-9A1E7A4F7556}") = "Programming.Functional", "src\Frameworker\Programming.Functional\Programming.Functional.csproj", "{DA39C667-6905-4DBD-819E-9E90280C907B}"
EndProject
Project("{9A19103F-16F7-4668-BE54-9A1E7A4F7556}") = "Programming.Functional.Tests", "src\Frameworker\Programming.Functional.Tests\Programming.Functional.Tests.csproj", "{C0784023-8FB4-40A1-B9A8-4CB2C041E69C}"
EndProject
Project("{FAE04EC0-301F-11D3-BF4B-00C04F79EFBC}") = "Store.Web.Api", "src\Store\Store.Web.Api\Store.Web.Api.csproj", "{BA15F2FF-9CCE-4131-B7C6-E4794DF37EDF}"
EndProject
Project("{FAE04EC0-301F-11D3-BF4B-00C04F79EFBC}") = "Ecommerce.Scenarios.Integration.Tests", "src\Tests\Ecommerce.Scenarios.Integration.Tests\Ecommerce.Scenarios.Integration.Tests.csproj", "{6EFDF00B-8365-49B2-8F53-17886E49CDF9}"
EndProject
Project("{FAE04EC0-301F-11D3-BF4B-00C04F79EFBC}") = "Frameworker.Integration.Tests", "src\Frameworker\Frameworker.Integration.Tests\Frameworker.Integration.Tests.csproj", "{E8CD82B7-8295-4D19-96D5-E4A7958C8D0E}"
EndProject
Project("{FAE04EC0-301F-11D3-BF4B-00C04F79EFBC}") = "Frameworker.Scorponok.Reading.Database", "Frameworker.Scorponok.Reading.Database\Frameworker.Scorponok.Reading.Database.csproj", "{1797C185-FB42-4854-B6CA-443B8B4DD911}"
EndProject
Project("{FAE04EC0-301F-11D3-BF4B-00C04F79EFBC}") = "Ecommerce.Scenarios.Integration.Spec.Tests", "src\Tests\Ecommerce.Scenarios.Integration.Spec.Tests\Ecommerce.Scenarios.Integration.Spec.Tests.csproj", "{642972F2-30F1-4EAE-9A29-885937CBBDB4}"
EndProject
Project("{FAE04EC0-301F-11D3-BF4B-00C04F79EFBC}") = "Shared.Code.Net8", "src\Shared\Shared.Code.Net8\Shared.Code.Net8.csproj", "{E3615C8C-18F5-46D2-815E-2328ED71B432}"
EndProject
Project("{FAE04EC0-301F-11D3-BF4B-00C04F79EFBC}") = "Frameworker.EntityFrameworkCore.Net8", "src\Frameworker\Frameworker.EntityFrameworkCore.Net8\Frameworker.EntityFrameworkCore.Net8.csproj", "{2D00C056-29C8-46B2-90FA-832E50EF87DC}"
EndProject
Project("{FAE04EC0-301F-11D3-BF4B-00C04F79EFBC}") = "Catalog.Web.Api", "src\Catalog\Catalog.Web.Api\Catalog.Web.Api.csproj", "{CE07BC1B-5C1F-44B3-A0A6-9C11112AB00B}"
EndProject
Global
	GlobalSection(SolutionConfigurationPlatforms) = preSolution
		Debug|Any CPU = Debug|Any CPU
		Release|Any CPU = Release|Any CPU
	EndGlobalSection
	GlobalSection(ProjectConfigurationPlatforms) = postSolution
		{6708A240-BBE1-458E-B4DD-17F10102A9C7}.Debug|Any CPU.ActiveCfg = Debug|Any CPU
		{6708A240-BBE1-458E-B4DD-17F10102A9C7}.Debug|Any CPU.Build.0 = Debug|Any CPU
		{6708A240-BBE1-458E-B4DD-17F10102A9C7}.Release|Any CPU.ActiveCfg = Release|Any CPU
		{6708A240-BBE1-458E-B4DD-17F10102A9C7}.Release|Any CPU.Build.0 = Release|Any CPU
		{095EE9AB-D5E6-40C2-83BF-8FE2B0C295A6}.Debug|Any CPU.ActiveCfg = Debug|Any CPU
		{095EE9AB-D5E6-40C2-83BF-8FE2B0C295A6}.Debug|Any CPU.Build.0 = Debug|Any CPU
		{095EE9AB-D5E6-40C2-83BF-8FE2B0C295A6}.Release|Any CPU.ActiveCfg = Release|Any CPU
		{095EE9AB-D5E6-40C2-83BF-8FE2B0C295A6}.Release|Any CPU.Build.0 = Release|Any CPU
		{C840BEAD-52AC-4941-9660-0DF7FF737C3B}.Debug|Any CPU.ActiveCfg = Debug|Any CPU
		{C840BEAD-52AC-4941-9660-0DF7FF737C3B}.Debug|Any CPU.Build.0 = Debug|Any CPU
		{C840BEAD-52AC-4941-9660-0DF7FF737C3B}.Release|Any CPU.ActiveCfg = Release|Any CPU
		{C840BEAD-52AC-4941-9660-0DF7FF737C3B}.Release|Any CPU.Build.0 = Release|Any CPU
		{C2CCD9FB-AE59-4413-AF03-5AC5C5655C44}.Debug|Any CPU.ActiveCfg = Debug|Any CPU
		{C2CCD9FB-AE59-4413-AF03-5AC5C5655C44}.Debug|Any CPU.Build.0 = Debug|Any CPU
		{C2CCD9FB-AE59-4413-AF03-5AC5C5655C44}.Release|Any CPU.ActiveCfg = Release|Any CPU
		{C2CCD9FB-AE59-4413-AF03-5AC5C5655C44}.Release|Any CPU.Build.0 = Release|Any CPU
		{C4D80751-5C31-4335-8439-C577D8E03670}.Debug|Any CPU.ActiveCfg = Debug|Any CPU
		{C4D80751-5C31-4335-8439-C577D8E03670}.Debug|Any CPU.Build.0 = Debug|Any CPU
		{C4D80751-5C31-4335-8439-C577D8E03670}.Release|Any CPU.ActiveCfg = Release|Any CPU
		{C4D80751-5C31-4335-8439-C577D8E03670}.Release|Any CPU.Build.0 = Release|Any CPU
		{288D44A8-F967-49ED-874B-C297807EB493}.Debug|Any CPU.ActiveCfg = Debug|Any CPU
		{288D44A8-F967-49ED-874B-C297807EB493}.Debug|Any CPU.Build.0 = Debug|Any CPU
		{288D44A8-F967-49ED-874B-C297807EB493}.Release|Any CPU.ActiveCfg = Release|Any CPU
		{288D44A8-F967-49ED-874B-C297807EB493}.Release|Any CPU.Build.0 = Release|Any CPU
		{14E0D30D-71ED-4DD2-B2D0-B41456FA70A7}.Debug|Any CPU.ActiveCfg = Debug|Any CPU
		{14E0D30D-71ED-4DD2-B2D0-B41456FA70A7}.Debug|Any CPU.Build.0 = Debug|Any CPU
		{14E0D30D-71ED-4DD2-B2D0-B41456FA70A7}.Release|Any CPU.ActiveCfg = Release|Any CPU
		{14E0D30D-71ED-4DD2-B2D0-B41456FA70A7}.Release|Any CPU.Build.0 = Release|Any CPU
		{4D3737A8-9108-4706-B12E-E162CC88A03E}.Debug|Any CPU.ActiveCfg = Debug|Any CPU
		{4D3737A8-9108-4706-B12E-E162CC88A03E}.Debug|Any CPU.Build.0 = Debug|Any CPU
		{4D3737A8-9108-4706-B12E-E162CC88A03E}.Release|Any CPU.ActiveCfg = Release|Any CPU
		{4D3737A8-9108-4706-B12E-E162CC88A03E}.Release|Any CPU.Build.0 = Release|Any CPU
		{894461AA-AF6D-4616-AEA9-C8708B15D87B}.Debug|Any CPU.ActiveCfg = Debug|Any CPU
		{894461AA-AF6D-4616-AEA9-C8708B15D87B}.Debug|Any CPU.Build.0 = Debug|Any CPU
		{894461AA-AF6D-4616-AEA9-C8708B15D87B}.Release|Any CPU.ActiveCfg = Release|Any CPU
		{894461AA-AF6D-4616-AEA9-C8708B15D87B}.Release|Any CPU.Build.0 = Release|Any CPU
		{DEE79F60-0DAE-45F8-AA4A-3FD7AAD949AA}.Debug|Any CPU.ActiveCfg = Debug|Any CPU
		{DEE79F60-0DAE-45F8-AA4A-3FD7AAD949AA}.Debug|Any CPU.Build.0 = Debug|Any CPU
		{DEE79F60-0DAE-45F8-AA4A-3FD7AAD949AA}.Release|Any CPU.ActiveCfg = Release|Any CPU
		{DEE79F60-0DAE-45F8-AA4A-3FD7AAD949AA}.Release|Any CPU.Build.0 = Release|Any CPU
		{7C8DDF2C-B0B1-40ED-9B81-9756D0426109}.Debug|Any CPU.ActiveCfg = Debug|Any CPU
		{7C8DDF2C-B0B1-40ED-9B81-9756D0426109}.Debug|Any CPU.Build.0 = Debug|Any CPU
		{7C8DDF2C-B0B1-40ED-9B81-9756D0426109}.Release|Any CPU.ActiveCfg = Release|Any CPU
		{7C8DDF2C-B0B1-40ED-9B81-9756D0426109}.Release|Any CPU.Build.0 = Release|Any CPU
		{DA39C667-6905-4DBD-819E-9E90280C907B}.Debug|Any CPU.ActiveCfg = Debug|Any CPU
		{DA39C667-6905-4DBD-819E-9E90280C907B}.Debug|Any CPU.Build.0 = Debug|Any CPU
		{DA39C667-6905-4DBD-819E-9E90280C907B}.Release|Any CPU.ActiveCfg = Release|Any CPU
		{DA39C667-6905-4DBD-819E-9E90280C907B}.Release|Any CPU.Build.0 = Release|Any CPU
		{C0784023-8FB4-40A1-B9A8-4CB2C041E69C}.Debug|Any CPU.ActiveCfg = Debug|Any CPU
		{C0784023-8FB4-40A1-B9A8-4CB2C041E69C}.Debug|Any CPU.Build.0 = Debug|Any CPU
		{C0784023-8FB4-40A1-B9A8-4CB2C041E69C}.Release|Any CPU.ActiveCfg = Release|Any CPU
		{C0784023-8FB4-40A1-B9A8-4CB2C041E69C}.Release|Any CPU.Build.0 = Release|Any CPU
		{BA15F2FF-9CCE-4131-B7C6-E4794DF37EDF}.Debug|Any CPU.ActiveCfg = Debug|Any CPU
		{BA15F2FF-9CCE-4131-B7C6-E4794DF37EDF}.Debug|Any CPU.Build.0 = Debug|Any CPU
		{BA15F2FF-9CCE-4131-B7C6-E4794DF37EDF}.Release|Any CPU.ActiveCfg = Release|Any CPU
		{BA15F2FF-9CCE-4131-B7C6-E4794DF37EDF}.Release|Any CPU.Build.0 = Release|Any CPU
		{6EFDF00B-8365-49B2-8F53-17886E49CDF9}.Debug|Any CPU.ActiveCfg = Debug|Any CPU
		{6EFDF00B-8365-49B2-8F53-17886E49CDF9}.Debug|Any CPU.Build.0 = Debug|Any CPU
		{6EFDF00B-8365-49B2-8F53-17886E49CDF9}.Release|Any CPU.ActiveCfg = Release|Any CPU
		{6EFDF00B-8365-49B2-8F53-17886E49CDF9}.Release|Any CPU.Build.0 = Release|Any CPU
		{E8CD82B7-8295-4D19-96D5-E4A7958C8D0E}.Debug|Any CPU.ActiveCfg = Debug|Any CPU
		{E8CD82B7-8295-4D19-96D5-E4A7958C8D0E}.Debug|Any CPU.Build.0 = Debug|Any CPU
		{E8CD82B7-8295-4D19-96D5-E4A7958C8D0E}.Release|Any CPU.ActiveCfg = Release|Any CPU
		{E8CD82B7-8295-4D19-96D5-E4A7958C8D0E}.Release|Any CPU.Build.0 = Release|Any CPU
		{1797C185-FB42-4854-B6CA-443B8B4DD911}.Debug|Any CPU.ActiveCfg = Debug|Any CPU
		{1797C185-FB42-4854-B6CA-443B8B4DD911}.Debug|Any CPU.Build.0 = Debug|Any CPU
		{1797C185-FB42-4854-B6CA-443B8B4DD911}.Release|Any CPU.ActiveCfg = Release|Any CPU
		{1797C185-FB42-4854-B6CA-443B8B4DD911}.Release|Any CPU.Build.0 = Release|Any CPU
		{642972F2-30F1-4EAE-9A29-885937CBBDB4}.Debug|Any CPU.ActiveCfg = Debug|Any CPU
		{642972F2-30F1-4EAE-9A29-885937CBBDB4}.Debug|Any CPU.Build.0 = Debug|Any CPU
		{642972F2-30F1-4EAE-9A29-885937CBBDB4}.Release|Any CPU.ActiveCfg = Release|Any CPU
		{642972F2-30F1-4EAE-9A29-885937CBBDB4}.Release|Any CPU.Build.0 = Release|Any CPU
		{E3615C8C-18F5-46D2-815E-2328ED71B432}.Debug|Any CPU.ActiveCfg = Debug|Any CPU
		{E3615C8C-18F5-46D2-815E-2328ED71B432}.Debug|Any CPU.Build.0 = Debug|Any CPU
		{E3615C8C-18F5-46D2-815E-2328ED71B432}.Release|Any CPU.ActiveCfg = Release|Any CPU
		{E3615C8C-18F5-46D2-815E-2328ED71B432}.Release|Any CPU.Build.0 = Release|Any CPU
		{2D00C056-29C8-46B2-90FA-832E50EF87DC}.Debug|Any CPU.ActiveCfg = Debug|Any CPU
		{2D00C056-29C8-46B2-90FA-832E50EF87DC}.Debug|Any CPU.Build.0 = Debug|Any CPU
		{2D00C056-29C8-46B2-90FA-832E50EF87DC}.Release|Any CPU.ActiveCfg = Release|Any CPU
		{2D00C056-29C8-46B2-90FA-832E50EF87DC}.Release|Any CPU.Build.0 = Release|Any CPU
		{CE07BC1B-5C1F-44B3-A0A6-9C11112AB00B}.Debug|Any CPU.ActiveCfg = Debug|Any CPU
		{CE07BC1B-5C1F-44B3-A0A6-9C11112AB00B}.Debug|Any CPU.Build.0 = Debug|Any CPU
		{CE07BC1B-5C1F-44B3-A0A6-9C11112AB00B}.Release|Any CPU.ActiveCfg = Release|Any CPU
		{CE07BC1B-5C1F-44B3-A0A6-9C11112AB00B}.Release|Any CPU.Build.0 = Release|Any CPU
	EndGlobalSection
	GlobalSection(SolutionProperties) = preSolution
		HideSolutionNode = FALSE
	EndGlobalSection
	GlobalSection(NestedProjects) = preSolution
		{095EE9AB-D5E6-40C2-83BF-8FE2B0C295A6} = {9DE7EFCE-F7A5-46AD-88B3-B0951022090E}
		{14E0D30D-71ED-4DD2-B2D0-B41456FA70A7} = {9DE7EFCE-F7A5-46AD-88B3-B0951022090E}
		{6EFDF00B-8365-49B2-8F53-17886E49CDF9} = {6FB82150-E00E-4D73-854E-8FF67E87A914}
		{642972F2-30F1-4EAE-9A29-885937CBBDB4} = {6FB82150-E00E-4D73-854E-8FF67E87A914}
		{C840BEAD-52AC-4941-9660-0DF7FF737C3B} = {E304C5B0-A8B9-4C4F-BBB5-AC9EA7CB69DF}
		{288D44A8-F967-49ED-874B-C297807EB493} = {E304C5B0-A8B9-4C4F-BBB5-AC9EA7CB69DF}
		{C4D80751-5C31-4335-8439-C577D8E03670} = {E304C5B0-A8B9-4C4F-BBB5-AC9EA7CB69DF}
		{4D3737A8-9108-4706-B12E-E162CC88A03E} = {59EBF436-851E-4F01-B879-B4CD07A439B0}
		{6708A240-BBE1-458E-B4DD-17F10102A9C7} = {59EBF436-851E-4F01-B879-B4CD07A439B0}
		{7C8DDF2C-B0B1-40ED-9B81-9756D0426109} = {222F8E1A-B5D7-4138-A579-431510B817D4}
		{DEE79F60-0DAE-45F8-AA4A-3FD7AAD949AA} = {222F8E1A-B5D7-4138-A579-431510B817D4}
		{894461AA-AF6D-4616-AEA9-C8708B15D87B} = {222F8E1A-B5D7-4138-A579-431510B817D4}
		{BA15F2FF-9CCE-4131-B7C6-E4794DF37EDF} = {222F8E1A-B5D7-4138-A579-431510B817D4}
		{E3615C8C-18F5-46D2-815E-2328ED71B432} = {9DE7EFCE-F7A5-46AD-88B3-B0951022090E}
		{CE07BC1B-5C1F-44B3-A0A6-9C11112AB00B} = {E304C5B0-A8B9-4C4F-BBB5-AC9EA7CB69DF}
		{2D00C056-29C8-46B2-90FA-832E50EF87DC} = {9DE7EFCE-F7A5-46AD-88B3-B0951022090E}
		{E8CD82B7-8295-4D19-96D5-E4A7958C8D0E} = {9DE7EFCE-F7A5-46AD-88B3-B0951022090E}
		{C2CCD9FB-AE59-4413-AF03-5AC5C5655C44} = {9DE7EFCE-F7A5-46AD-88B3-B0951022090E}
		{1797C185-FB42-4854-B6CA-443B8B4DD911} = {9DE7EFCE-F7A5-46AD-88B3-B0951022090E}
		{DA39C667-6905-4DBD-819E-9E90280C907B} = {9DE7EFCE-F7A5-46AD-88B3-B0951022090E}
		{C0784023-8FB4-40A1-B9A8-4CB2C041E69C} = {9DE7EFCE-F7A5-46AD-88B3-B0951022090E}
	EndGlobalSection
	GlobalSection(ExtensibilityGlobals) = postSolution
		SolutionGuid = {E91BD82A-F2FA-4028-80CE-2541351E47AA}
	EndGlobalSection
EndGlobal
