
Microsoft Visual Studio Solution File, Format Version 12.00
# Visual Studio 15
VisualStudioVersion = 15.0.28307.757
MinimumVisualStudioVersion = 10.0.40219.1
Project("{2150E333-8FDC-42A3-9474-1A3956D46DE8}") = "1 - Catalog", "1 - Catalog", "{B5ED8499-BF07-7483-ABE8-B168999EAA4C}"
EndProject
Project("{FAE04EC0-301F-11D3-BF4B-00C04F79EFBC}") = "Catalog.Domain", "src\Catalog\Catalog.Domain\Catalog.Domain.csproj", "{BDFED449-B50F-4EA5-A020-4894D0371D02}"
EndProject
Project("{FAE04EC0-301F-11D3-BF4B-00C04F79EFBC}") = "Catalog.Infrastructure", "src\Catalog\Catalog.Infrastructure\Catalog.Infrastructure.csproj", "{670963DC-27C7-46C8-B871-415297BF54E4}"
EndProject
Project("{FAE04EC0-301F-11D3-BF4B-00C04F79EFBC}") = "Catalog.Queries", "src\Catalog\Catalog.Queries\Catalog.Queries.csproj", "{273E59B2-6B38-47D9-AB81-9B95F2969E98}"
EndProject
Project("{FAE04EC0-301F-11D3-BF4B-00C04F79EFBC}") = "Catalog.Web.Api", "src\Catalog\Catalog.Web.Api\Catalog.Web.Api.csproj", "{3D2C482D-E40B-4321-AC0C-9DECAA73BB1D}"
EndProject
Project("{2150E333-8FDC-42A3-9474-1A3956D46DE8}") = "2 - Orders", "2 - Orders", "{4EBCC7BD-6280-610F-6D2D-B5B6CB6AFAC8}"
EndProject
Project("{FAE04EC0-301F-11D3-BF4B-00C04F79EFBC}") = "Orders.CommandHandlers", "src\Store\Orders.CommandHandlers\Orders.CommandHandlers.csproj", "{1FB32F79-27E9-4A58-889C-799B21516EBF}"
EndProject
Project("{FAE04EC0-301F-11D3-BF4B-00C04F79EFBC}") = "Orders.Domain", "src\Store\Orders.Domain\Orders.Domain.csproj", "{C839B938-9125-4ED7-82ED-CDA34CD59C01}"
EndProject
Project("{FAE04EC0-301F-11D3-BF4B-00C04F79EFBC}") = "Orders.Infrastructure", "src\Store\Orders.Infrastructure\Orders.Infrastructure.csproj", "{B2E2E4C5-17CE-47EC-9F61-6B44618E4599}"
EndProject
Project("{FAE04EC0-301F-11D3-BF4B-00C04F79EFBC}") = "Orders.Web.Api", "src\Store\Orders.Web.Api\Orders.Web.Api.csproj", "{5564D655-7EBD-45D7-864F-EBA6C69B9AAE}"
EndProject
Project("{2150E333-8FDC-42A3-9474-1A3956D46DE8}") = "3 - Payments", "3 - Payments", "{FEB234CB-B6DD-54C6-A39F-910FA576FE23}"
EndProject
Project("{FAE04EC0-301F-11D3-BF4B-00C04F79EFBC}") = "Gateway.Payment.Data", "src\Payments\Gateway.Payment.Data\Gateway.Payment.Data.csproj", "{353DDD31-D5C5-40A5-88DE-B0919850AA16}"
EndProject
Project("{FAE04EC0-301F-11D3-BF4B-00C04F79EFBC}") = "Gateway.Payment.Web.Api", "src\Payments\Gateway.Payment.Web.Api\Gateway.Payment.Web.Api.csproj", "{26096F12-FFD1-4FBA-9F7A-6D2FA057A6F2}"
EndProject
Project("{2150E333-8FDC-42A3-9474-1A3956D46DE8}") = "4 - Shared", "4 - Shared", "{47348C72-7064-5C60-6D76-C52ACC4E3D8B}"
EndProject
Project("{FAE04EC0-301F-11D3-BF4B-00C04F79EFBC}") = "Frameworker.Integration.Tests", "src\Frameworker\Frameworker.Integration.Tests\Frameworker.Integration.Tests.csproj", "{A0B0F5CF-7D73-4750-989B-28B45A4F5C7A}"
EndProject
Project("{FAE04EC0-301F-11D3-BF4B-00C04F79EFBC}") = "Programming.Functional", "src\Frameworker\Programming.Functional\Programming.Functional.csproj", "{079B415E-B2DE-46B4-B2AD-D4842FAE0F41}"
EndProject
Project("{FAE04EC0-301F-11D3-BF4B-00C04F79EFBC}") = "Programming.Functional.Tests", "src\Frameworker\Programming.Functional.Tests\Programming.Functional.Tests.csproj", "{F518CCE9-948F-4B5E-823D-9191E2A5B035}"
EndProject
Project("{2150E333-8FDC-42A3-9474-1A3956D46DE8}") = "5 - Scenarios", "5 - Scenarios", "{312FFE19-4639-64CB-D030-0C06536753D5}"
EndProject
Project("{FAE04EC0-301F-11D3-BF4B-00C04F79EFBC}") = "Ecommerce.Scenarios.Integration.Spec.Tests", "src\Tests\Ecommerce.Scenarios.Integration.Spec.Tests\Ecommerce.Scenarios.Integration.Spec.Tests.csproj", "{5D39CB01-C226-4403-88F3-B1A8E2CE0076}"
EndProject
Project("{FAE04EC0-301F-11D3-BF4B-00C04F79EFBC}") = "Shared.Code", "src\Shared\Shared.Code\Shared.Code.csproj", "{A03DFA94-522A-4F6B-9B2E-25A912838460}"
EndProject
Project("{FAE04EC0-301F-11D3-BF4B-00C04F79EFBC}") = "Frameworker.EntityFrameworkCore", "src\Frameworker\Frameworker.EntityFrameworkCore\Frameworker.EntityFrameworkCore.csproj", "{10097F49-88E6-462A-876C-0C0375C50034}"
EndProject
Global
	GlobalSection(SolutionConfigurationPlatforms) = preSolution
		Debug|Any CPU = Debug|Any CPU
		Debug|x64 = Debug|x64
		Debug|x86 = Debug|x86
		Release|Any CPU = Release|Any CPU
		Release|x64 = Release|x64
		Release|x86 = Release|x86
	EndGlobalSection
	GlobalSection(ProjectConfigurationPlatforms) = postSolution
		{BDFED449-B50F-4EA5-A020-4894D0371D02}.Debug|Any CPU.ActiveCfg = Debug|Any CPU
		{BDFED449-B50F-4EA5-A020-4894D0371D02}.Debug|Any CPU.Build.0 = Debug|Any CPU
		{BDFED449-B50F-4EA5-A020-4894D0371D02}.Debug|x64.ActiveCfg = Debug|Any CPU
		{BDFED449-B50F-4EA5-A020-4894D0371D02}.Debug|x64.Build.0 = Debug|Any CPU
		{BDFED449-B50F-4EA5-A020-4894D0371D02}.Debug|x86.ActiveCfg = Debug|Any CPU
		{BDFED449-B50F-4EA5-A020-4894D0371D02}.Debug|x86.Build.0 = Debug|Any CPU
		{BDFED449-B50F-4EA5-A020-4894D0371D02}.Release|Any CPU.ActiveCfg = Release|Any CPU
		{BDFED449-B50F-4EA5-A020-4894D0371D02}.Release|Any CPU.Build.0 = Release|Any CPU
		{BDFED449-B50F-4EA5-A020-4894D0371D02}.Release|x64.ActiveCfg = Release|Any CPU
		{BDFED449-B50F-4EA5-A020-4894D0371D02}.Release|x64.Build.0 = Release|Any CPU
		{BDFED449-B50F-4EA5-A020-4894D0371D02}.Release|x86.ActiveCfg = Release|Any CPU
		{BDFED449-B50F-4EA5-A020-4894D0371D02}.Release|x86.Build.0 = Release|Any CPU
		{670963DC-27C7-46C8-B871-415297BF54E4}.Debug|Any CPU.ActiveCfg = Debug|Any CPU
		{670963DC-27C7-46C8-B871-415297BF54E4}.Debug|Any CPU.Build.0 = Debug|Any CPU
		{670963DC-27C7-46C8-B871-415297BF54E4}.Debug|x64.ActiveCfg = Debug|Any CPU
		{670963DC-27C7-46C8-B871-415297BF54E4}.Debug|x64.Build.0 = Debug|Any CPU
		{670963DC-27C7-46C8-B871-415297BF54E4}.Debug|x86.ActiveCfg = Debug|Any CPU
		{670963DC-27C7-46C8-B871-415297BF54E4}.Debug|x86.Build.0 = Debug|Any CPU
		{670963DC-27C7-46C8-B871-415297BF54E4}.Release|Any CPU.ActiveCfg = Release|Any CPU
		{670963DC-27C7-46C8-B871-415297BF54E4}.Release|Any CPU.Build.0 = Release|Any CPU
		{670963DC-27C7-46C8-B871-415297BF54E4}.Release|x64.ActiveCfg = Release|Any CPU
		{670963DC-27C7-46C8-B871-415297BF54E4}.Release|x64.Build.0 = Release|Any CPU
		{670963DC-27C7-46C8-B871-415297BF54E4}.Release|x86.ActiveCfg = Release|Any CPU
		{670963DC-27C7-46C8-B871-415297BF54E4}.Release|x86.Build.0 = Release|Any CPU
		{273E59B2-6B38-47D9-AB81-9B95F2969E98}.Debug|Any CPU.ActiveCfg = Debug|Any CPU
		{273E59B2-6B38-47D9-AB81-9B95F2969E98}.Debug|Any CPU.Build.0 = Debug|Any CPU
		{273E59B2-6B38-47D9-AB81-9B95F2969E98}.Debug|x64.ActiveCfg = Debug|Any CPU
		{273E59B2-6B38-47D9-AB81-9B95F2969E98}.Debug|x64.Build.0 = Debug|Any CPU
		{273E59B2-6B38-47D9-AB81-9B95F2969E98}.Debug|x86.ActiveCfg = Debug|Any CPU
		{273E59B2-6B38-47D9-AB81-9B95F2969E98}.Debug|x86.Build.0 = Debug|Any CPU
		{273E59B2-6B38-47D9-AB81-9B95F2969E98}.Release|Any CPU.ActiveCfg = Release|Any CPU
		{273E59B2-6B38-47D9-AB81-9B95F2969E98}.Release|Any CPU.Build.0 = Release|Any CPU
		{273E59B2-6B38-47D9-AB81-9B95F2969E98}.Release|x64.ActiveCfg = Release|Any CPU
		{273E59B2-6B38-47D9-AB81-9B95F2969E98}.Release|x64.Build.0 = Release|Any CPU
		{273E59B2-6B38-47D9-AB81-9B95F2969E98}.Release|x86.ActiveCfg = Release|Any CPU
		{273E59B2-6B38-47D9-AB81-9B95F2969E98}.Release|x86.Build.0 = Release|Any CPU
		{3D2C482D-E40B-4321-AC0C-9DECAA73BB1D}.Debug|Any CPU.ActiveCfg = Debug|Any CPU
		{3D2C482D-E40B-4321-AC0C-9DECAA73BB1D}.Debug|Any CPU.Build.0 = Debug|Any CPU
		{3D2C482D-E40B-4321-AC0C-9DECAA73BB1D}.Debug|x64.ActiveCfg = Debug|Any CPU
		{3D2C482D-E40B-4321-AC0C-9DECAA73BB1D}.Debug|x64.Build.0 = Debug|Any CPU
		{3D2C482D-E40B-4321-AC0C-9DECAA73BB1D}.Debug|x86.ActiveCfg = Debug|Any CPU
		{3D2C482D-E40B-4321-AC0C-9DECAA73BB1D}.Debug|x86.Build.0 = Debug|Any CPU
		{3D2C482D-E40B-4321-AC0C-9DECAA73BB1D}.Release|Any CPU.ActiveCfg = Release|Any CPU
		{3D2C482D-E40B-4321-AC0C-9DECAA73BB1D}.Release|Any CPU.Build.0 = Release|Any CPU
		{3D2C482D-E40B-4321-AC0C-9DECAA73BB1D}.Release|x64.ActiveCfg = Release|Any CPU
		{3D2C482D-E40B-4321-AC0C-9DECAA73BB1D}.Release|x64.Build.0 = Release|Any CPU
		{3D2C482D-E40B-4321-AC0C-9DECAA73BB1D}.Release|x86.ActiveCfg = Release|Any CPU
		{3D2C482D-E40B-4321-AC0C-9DECAA73BB1D}.Release|x86.Build.0 = Release|Any CPU
		{1FB32F79-27E9-4A58-889C-799B21516EBF}.Debug|Any CPU.ActiveCfg = Debug|Any CPU
		{1FB32F79-27E9-4A58-889C-799B21516EBF}.Debug|Any CPU.Build.0 = Debug|Any CPU
		{1FB32F79-27E9-4A58-889C-799B21516EBF}.Debug|x64.ActiveCfg = Debug|Any CPU
		{1FB32F79-27E9-4A58-889C-799B21516EBF}.Debug|x64.Build.0 = Debug|Any CPU
		{1FB32F79-27E9-4A58-889C-799B21516EBF}.Debug|x86.ActiveCfg = Debug|Any CPU
		{1FB32F79-27E9-4A58-889C-799B21516EBF}.Debug|x86.Build.0 = Debug|Any CPU
		{1FB32F79-27E9-4A58-889C-799B21516EBF}.Release|Any CPU.ActiveCfg = Release|Any CPU
		{1FB32F79-27E9-4A58-889C-799B21516EBF}.Release|Any CPU.Build.0 = Release|Any CPU
		{1FB32F79-27E9-4A58-889C-799B21516EBF}.Release|x64.ActiveCfg = Release|Any CPU
		{1FB32F79-27E9-4A58-889C-799B21516EBF}.Release|x64.Build.0 = Release|Any CPU
		{1FB32F79-27E9-4A58-889C-799B21516EBF}.Release|x86.ActiveCfg = Release|Any CPU
		{1FB32F79-27E9-4A58-889C-799B21516EBF}.Release|x86.Build.0 = Release|Any CPU
		{C839B938-9125-4ED7-82ED-CDA34CD59C01}.Debug|Any CPU.ActiveCfg = Debug|Any CPU
		{C839B938-9125-4ED7-82ED-CDA34CD59C01}.Debug|Any CPU.Build.0 = Debug|Any CPU
		{C839B938-9125-4ED7-82ED-CDA34CD59C01}.Debug|x64.ActiveCfg = Debug|Any CPU
		{C839B938-9125-4ED7-82ED-CDA34CD59C01}.Debug|x64.Build.0 = Debug|Any CPU
		{C839B938-9125-4ED7-82ED-CDA34CD59C01}.Debug|x86.ActiveCfg = Debug|Any CPU
		{C839B938-9125-4ED7-82ED-CDA34CD59C01}.Debug|x86.Build.0 = Debug|Any CPU
		{C839B938-9125-4ED7-82ED-CDA34CD59C01}.Release|Any CPU.ActiveCfg = Release|Any CPU
		{C839B938-9125-4ED7-82ED-CDA34CD59C01}.Release|Any CPU.Build.0 = Release|Any CPU
		{C839B938-9125-4ED7-82ED-CDA34CD59C01}.Release|x64.ActiveCfg = Release|Any CPU
		{C839B938-9125-4ED7-82ED-CDA34CD59C01}.Release|x64.Build.0 = Release|Any CPU
		{C839B938-9125-4ED7-82ED-CDA34CD59C01}.Release|x86.ActiveCfg = Release|Any CPU
		{C839B938-9125-4ED7-82ED-CDA34CD59C01}.Release|x86.Build.0 = Release|Any CPU
		{B2E2E4C5-17CE-47EC-9F61-6B44618E4599}.Debug|Any CPU.ActiveCfg = Debug|Any CPU
		{B2E2E4C5-17CE-47EC-9F61-6B44618E4599}.Debug|Any CPU.Build.0 = Debug|Any CPU
		{B2E2E4C5-17CE-47EC-9F61-6B44618E4599}.Debug|x64.ActiveCfg = Debug|Any CPU
		{B2E2E4C5-17CE-47EC-9F61-6B44618E4599}.Debug|x64.Build.0 = Debug|Any CPU
		{B2E2E4C5-17CE-47EC-9F61-6B44618E4599}.Debug|x86.ActiveCfg = Debug|Any CPU
		{B2E2E4C5-17CE-47EC-9F61-6B44618E4599}.Debug|x86.Build.0 = Debug|Any CPU
		{B2E2E4C5-17CE-47EC-9F61-6B44618E4599}.Release|Any CPU.ActiveCfg = Release|Any CPU
		{B2E2E4C5-17CE-47EC-9F61-6B44618E4599}.Release|Any CPU.Build.0 = Release|Any CPU
		{B2E2E4C5-17CE-47EC-9F61-6B44618E4599}.Release|x64.ActiveCfg = Release|Any CPU
		{B2E2E4C5-17CE-47EC-9F61-6B44618E4599}.Release|x64.Build.0 = Release|Any CPU
		{B2E2E4C5-17CE-47EC-9F61-6B44618E4599}.Release|x86.ActiveCfg = Release|Any CPU
		{B2E2E4C5-17CE-47EC-9F61-6B44618E4599}.Release|x86.Build.0 = Release|Any CPU
		{5564D655-7EBD-45D7-864F-EBA6C69B9AAE}.Debug|Any CPU.ActiveCfg = Debug|Any CPU
		{5564D655-7EBD-45D7-864F-EBA6C69B9AAE}.Debug|Any CPU.Build.0 = Debug|Any CPU
		{5564D655-7EBD-45D7-864F-EBA6C69B9AAE}.Debug|x64.ActiveCfg = Debug|Any CPU
		{5564D655-7EBD-45D7-864F-EBA6C69B9AAE}.Debug|x64.Build.0 = Debug|Any CPU
		{5564D655-7EBD-45D7-864F-EBA6C69B9AAE}.Debug|x86.ActiveCfg = Debug|Any CPU
		{5564D655-7EBD-45D7-864F-EBA6C69B9AAE}.Debug|x86.Build.0 = Debug|Any CPU
		{5564D655-7EBD-45D7-864F-EBA6C69B9AAE}.Release|Any CPU.ActiveCfg = Release|Any CPU
		{5564D655-7EBD-45D7-864F-EBA6C69B9AAE}.Release|Any CPU.Build.0 = Release|Any CPU
		{5564D655-7EBD-45D7-864F-EBA6C69B9AAE}.Release|x64.ActiveCfg = Release|Any CPU
		{5564D655-7EBD-45D7-864F-EBA6C69B9AAE}.Release|x64.Build.0 = Release|Any CPU
		{5564D655-7EBD-45D7-864F-EBA6C69B9AAE}.Release|x86.ActiveCfg = Release|Any CPU
		{5564D655-7EBD-45D7-864F-EBA6C69B9AAE}.Release|x86.Build.0 = Release|Any CPU
		{353DDD31-D5C5-40A5-88DE-B0919850AA16}.Debug|Any CPU.ActiveCfg = Debug|Any CPU
		{353DDD31-D5C5-40A5-88DE-B0919850AA16}.Debug|Any CPU.Build.0 = Debug|Any CPU
		{353DDD31-D5C5-40A5-88DE-B0919850AA16}.Debug|x64.ActiveCfg = Debug|Any CPU
		{353DDD31-D5C5-40A5-88DE-B0919850AA16}.Debug|x64.Build.0 = Debug|Any CPU
		{353DDD31-D5C5-40A5-88DE-B0919850AA16}.Debug|x86.ActiveCfg = Debug|Any CPU
		{353DDD31-D5C5-40A5-88DE-B0919850AA16}.Debug|x86.Build.0 = Debug|Any CPU
		{353DDD31-D5C5-40A5-88DE-B0919850AA16}.Release|Any CPU.ActiveCfg = Release|Any CPU
		{353DDD31-D5C5-40A5-88DE-B0919850AA16}.Release|Any CPU.Build.0 = Release|Any CPU
		{353DDD31-D5C5-40A5-88DE-B0919850AA16}.Release|x64.ActiveCfg = Release|Any CPU
		{353DDD31-D5C5-40A5-88DE-B0919850AA16}.Release|x64.Build.0 = Release|Any CPU
		{353DDD31-D5C5-40A5-88DE-B0919850AA16}.Release|x86.ActiveCfg = Release|Any CPU
		{353DDD31-D5C5-40A5-88DE-B0919850AA16}.Release|x86.Build.0 = Release|Any CPU
		{26096F12-FFD1-4FBA-9F7A-6D2FA057A6F2}.Debug|Any CPU.ActiveCfg = Debug|Any CPU
		{26096F12-FFD1-4FBA-9F7A-6D2FA057A6F2}.Debug|Any CPU.Build.0 = Debug|Any CPU
		{26096F12-FFD1-4FBA-9F7A-6D2FA057A6F2}.Debug|x64.ActiveCfg = Debug|Any CPU
		{26096F12-FFD1-4FBA-9F7A-6D2FA057A6F2}.Debug|x64.Build.0 = Debug|Any CPU
		{26096F12-FFD1-4FBA-9F7A-6D2FA057A6F2}.Debug|x86.ActiveCfg = Debug|Any CPU
		{26096F12-FFD1-4FBA-9F7A-6D2FA057A6F2}.Debug|x86.Build.0 = Debug|Any CPU
		{26096F12-FFD1-4FBA-9F7A-6D2FA057A6F2}.Release|Any CPU.ActiveCfg = Release|Any CPU
		{26096F12-FFD1-4FBA-9F7A-6D2FA057A6F2}.Release|Any CPU.Build.0 = Release|Any CPU
		{26096F12-FFD1-4FBA-9F7A-6D2FA057A6F2}.Release|x64.ActiveCfg = Release|Any CPU
		{26096F12-FFD1-4FBA-9F7A-6D2FA057A6F2}.Release|x64.Build.0 = Release|Any CPU
		{26096F12-FFD1-4FBA-9F7A-6D2FA057A6F2}.Release|x86.ActiveCfg = Release|Any CPU
		{26096F12-FFD1-4FBA-9F7A-6D2FA057A6F2}.Release|x86.Build.0 = Release|Any CPU
		{A0B0F5CF-7D73-4750-989B-28B45A4F5C7A}.Debug|Any CPU.ActiveCfg = Debug|Any CPU
		{A0B0F5CF-7D73-4750-989B-28B45A4F5C7A}.Debug|Any CPU.Build.0 = Debug|Any CPU
		{A0B0F5CF-7D73-4750-989B-28B45A4F5C7A}.Debug|x64.ActiveCfg = Debug|Any CPU
		{A0B0F5CF-7D73-4750-989B-28B45A4F5C7A}.Debug|x64.Build.0 = Debug|Any CPU
		{A0B0F5CF-7D73-4750-989B-28B45A4F5C7A}.Debug|x86.ActiveCfg = Debug|Any CPU
		{A0B0F5CF-7D73-4750-989B-28B45A4F5C7A}.Debug|x86.Build.0 = Debug|Any CPU
		{A0B0F5CF-7D73-4750-989B-28B45A4F5C7A}.Release|Any CPU.ActiveCfg = Release|Any CPU
		{A0B0F5CF-7D73-4750-989B-28B45A4F5C7A}.Release|Any CPU.Build.0 = Release|Any CPU
		{A0B0F5CF-7D73-4750-989B-28B45A4F5C7A}.Release|x64.ActiveCfg = Release|Any CPU
		{A0B0F5CF-7D73-4750-989B-28B45A4F5C7A}.Release|x64.Build.0 = Release|Any CPU
		{A0B0F5CF-7D73-4750-989B-28B45A4F5C7A}.Release|x86.ActiveCfg = Release|Any CPU
		{A0B0F5CF-7D73-4750-989B-28B45A4F5C7A}.Release|x86.Build.0 = Release|Any CPU
		{079B415E-B2DE-46B4-B2AD-D4842FAE0F41}.Debug|Any CPU.ActiveCfg = Debug|Any CPU
		{079B415E-B2DE-46B4-B2AD-D4842FAE0F41}.Debug|Any CPU.Build.0 = Debug|Any CPU
		{079B415E-B2DE-46B4-B2AD-D4842FAE0F41}.Debug|x64.ActiveCfg = Debug|Any CPU
		{079B415E-B2DE-46B4-B2AD-D4842FAE0F41}.Debug|x64.Build.0 = Debug|Any CPU
		{079B415E-B2DE-46B4-B2AD-D4842FAE0F41}.Debug|x86.ActiveCfg = Debug|Any CPU
		{079B415E-B2DE-46B4-B2AD-D4842FAE0F41}.Debug|x86.Build.0 = Debug|Any CPU
		{079B415E-B2DE-46B4-B2AD-D4842FAE0F41}.Release|Any CPU.ActiveCfg = Release|Any CPU
		{079B415E-B2DE-46B4-B2AD-D4842FAE0F41}.Release|Any CPU.Build.0 = Release|Any CPU
		{079B415E-B2DE-46B4-B2AD-D4842FAE0F41}.Release|x64.ActiveCfg = Release|Any CPU
		{079B415E-B2DE-46B4-B2AD-D4842FAE0F41}.Release|x64.Build.0 = Release|Any CPU
		{079B415E-B2DE-46B4-B2AD-D4842FAE0F41}.Release|x86.ActiveCfg = Release|Any CPU
		{079B415E-B2DE-46B4-B2AD-D4842FAE0F41}.Release|x86.Build.0 = Release|Any CPU
		{F518CCE9-948F-4B5E-823D-9191E2A5B035}.Debug|Any CPU.ActiveCfg = Debug|Any CPU
		{F518CCE9-948F-4B5E-823D-9191E2A5B035}.Debug|Any CPU.Build.0 = Debug|Any CPU
		{F518CCE9-948F-4B5E-823D-9191E2A5B035}.Debug|x64.ActiveCfg = Debug|Any CPU
		{F518CCE9-948F-4B5E-823D-9191E2A5B035}.Debug|x64.Build.0 = Debug|Any CPU
		{F518CCE9-948F-4B5E-823D-9191E2A5B035}.Debug|x86.ActiveCfg = Debug|Any CPU
		{F518CCE9-948F-4B5E-823D-9191E2A5B035}.Debug|x86.Build.0 = Debug|Any CPU
		{F518CCE9-948F-4B5E-823D-9191E2A5B035}.Release|Any CPU.ActiveCfg = Release|Any CPU
		{F518CCE9-948F-4B5E-823D-9191E2A5B035}.Release|Any CPU.Build.0 = Release|Any CPU
		{F518CCE9-948F-4B5E-823D-9191E2A5B035}.Release|x64.ActiveCfg = Release|Any CPU
		{F518CCE9-948F-4B5E-823D-9191E2A5B035}.Release|x64.Build.0 = Release|Any CPU
		{F518CCE9-948F-4B5E-823D-9191E2A5B035}.Release|x86.ActiveCfg = Release|Any CPU
		{F518CCE9-948F-4B5E-823D-9191E2A5B035}.Release|x86.Build.0 = Release|Any CPU
		{5D39CB01-C226-4403-88F3-B1A8E2CE0076}.Debug|Any CPU.ActiveCfg = Debug|Any CPU
		{5D39CB01-C226-4403-88F3-B1A8E2CE0076}.Debug|Any CPU.Build.0 = Debug|Any CPU
		{5D39CB01-C226-4403-88F3-B1A8E2CE0076}.Debug|x64.ActiveCfg = Debug|Any CPU
		{5D39CB01-C226-4403-88F3-B1A8E2CE0076}.Debug|x64.Build.0 = Debug|Any CPU
		{5D39CB01-C226-4403-88F3-B1A8E2CE0076}.Debug|x86.ActiveCfg = Debug|Any CPU
		{5D39CB01-C226-4403-88F3-B1A8E2CE0076}.Debug|x86.Build.0 = Debug|Any CPU
		{5D39CB01-C226-4403-88F3-B1A8E2CE0076}.Release|Any CPU.ActiveCfg = Release|Any CPU
		{5D39CB01-C226-4403-88F3-B1A8E2CE0076}.Release|Any CPU.Build.0 = Release|Any CPU
		{5D39CB01-C226-4403-88F3-B1A8E2CE0076}.Release|x64.ActiveCfg = Release|Any CPU
		{5D39CB01-C226-4403-88F3-B1A8E2CE0076}.Release|x64.Build.0 = Release|Any CPU
		{5D39CB01-C226-4403-88F3-B1A8E2CE0076}.Release|x86.ActiveCfg = Release|Any CPU
		{5D39CB01-C226-4403-88F3-B1A8E2CE0076}.Release|x86.Build.0 = Release|Any CPU
		{A03DFA94-522A-4F6B-9B2E-25A912838460}.Debug|Any CPU.ActiveCfg = Debug|Any CPU
		{A03DFA94-522A-4F6B-9B2E-25A912838460}.Debug|Any CPU.Build.0 = Debug|Any CPU
		{A03DFA94-522A-4F6B-9B2E-25A912838460}.Debug|x64.ActiveCfg = Debug|Any CPU
		{A03DFA94-522A-4F6B-9B2E-25A912838460}.Debug|x64.Build.0 = Debug|Any CPU
		{A03DFA94-522A-4F6B-9B2E-25A912838460}.Debug|x86.ActiveCfg = Debug|Any CPU
		{A03DFA94-522A-4F6B-9B2E-25A912838460}.Debug|x86.Build.0 = Debug|Any CPU
		{A03DFA94-522A-4F6B-9B2E-25A912838460}.Release|Any CPU.ActiveCfg = Release|Any CPU
		{A03DFA94-522A-4F6B-9B2E-25A912838460}.Release|Any CPU.Build.0 = Release|Any CPU
		{A03DFA94-522A-4F6B-9B2E-25A912838460}.Release|x64.ActiveCfg = Release|Any CPU
		{A03DFA94-522A-4F6B-9B2E-25A912838460}.Release|x64.Build.0 = Release|Any CPU
		{A03DFA94-522A-4F6B-9B2E-25A912838460}.Release|x86.ActiveCfg = Release|Any CPU
		{A03DFA94-522A-4F6B-9B2E-25A912838460}.Release|x86.Build.0 = Release|Any CPU
		{10097F49-88E6-462A-876C-0C0375C50034}.Debug|Any CPU.ActiveCfg = Debug|Any CPU
		{10097F49-88E6-462A-876C-0C0375C50034}.Debug|Any CPU.Build.0 = Debug|Any CPU
		{10097F49-88E6-462A-876C-0C0375C50034}.Debug|x64.ActiveCfg = Debug|Any CPU
		{10097F49-88E6-462A-876C-0C0375C50034}.Debug|x64.Build.0 = Debug|Any CPU
		{10097F49-88E6-462A-876C-0C0375C50034}.Debug|x86.ActiveCfg = Debug|Any CPU
		{10097F49-88E6-462A-876C-0C0375C50034}.Debug|x86.Build.0 = Debug|Any CPU
		{10097F49-88E6-462A-876C-0C0375C50034}.Release|Any CPU.ActiveCfg = Release|Any CPU
		{10097F49-88E6-462A-876C-0C0375C50034}.Release|Any CPU.Build.0 = Release|Any CPU
		{10097F49-88E6-462A-876C-0C0375C50034}.Release|x64.ActiveCfg = Release|Any CPU
		{10097F49-88E6-462A-876C-0C0375C50034}.Release|x64.Build.0 = Release|Any CPU
		{10097F49-88E6-462A-876C-0C0375C50034}.Release|x86.ActiveCfg = Release|Any CPU
		{10097F49-88E6-462A-876C-0C0375C50034}.Release|x86.Build.0 = Release|Any CPU
	EndGlobalSection
	GlobalSection(SolutionProperties) = preSolution
		HideSolutionNode = FALSE
	EndGlobalSection
	GlobalSection(NestedProjects) = preSolution
		{BDFED449-B50F-4EA5-A020-4894D0371D02} = {B5ED8499-BF07-7483-ABE8-B168999EAA4C}
		{670963DC-27C7-46C8-B871-415297BF54E4} = {B5ED8499-BF07-7483-ABE8-B168999EAA4C}
		{273E59B2-6B38-47D9-AB81-9B95F2969E98} = {B5ED8499-BF07-7483-ABE8-B168999EAA4C}
		{3D2C482D-E40B-4321-AC0C-9DECAA73BB1D} = {B5ED8499-BF07-7483-ABE8-B168999EAA4C}
		{1FB32F79-27E9-4A58-889C-799B21516EBF} = {4EBCC7BD-6280-610F-6D2D-B5B6CB6AFAC8}
		{C839B938-9125-4ED7-82ED-CDA34CD59C01} = {4EBCC7BD-6280-610F-6D2D-B5B6CB6AFAC8}
		{B2E2E4C5-17CE-47EC-9F61-6B44618E4599} = {4EBCC7BD-6280-610F-6D2D-B5B6CB6AFAC8}
		{5564D655-7EBD-45D7-864F-EBA6C69B9AAE} = {4EBCC7BD-6280-610F-6D2D-B5B6CB6AFAC8}
		{353DDD31-D5C5-40A5-88DE-B0919850AA16} = {FEB234CB-B6DD-54C6-A39F-910FA576FE23}
		{26096F12-FFD1-4FBA-9F7A-6D2FA057A6F2} = {FEB234CB-B6DD-54C6-A39F-910FA576FE23}
		{A0B0F5CF-7D73-4750-989B-28B45A4F5C7A} = {47348C72-7064-5C60-6D76-C52ACC4E3D8B}
		{079B415E-B2DE-46B4-B2AD-D4842FAE0F41} = {47348C72-7064-5C60-6D76-C52ACC4E3D8B}
		{F518CCE9-948F-4B5E-823D-9191E2A5B035} = {47348C72-7064-5C60-6D76-C52ACC4E3D8B}
		{5D39CB01-C226-4403-88F3-B1A8E2CE0076} = {312FFE19-4639-64CB-D030-0C06536753D5}
		{A03DFA94-522A-4F6B-9B2E-25A912838460} = {47348C72-7064-5C60-6D76-C52ACC4E3D8B}
		{10097F49-88E6-462A-876C-0C0375C50034} = {47348C72-7064-5C60-6D76-C52ACC4E3D8B}
	EndGlobalSection
	GlobalSection(ExtensibilityGlobals) = postSolution
		SolutionGuid = {E91BD82A-F2FA-4028-80CE-2541351E47AA}
	EndGlobalSection
EndGlobal
